
Microsoft Visual Studio Solution File, Format Version 11.00
# Visual Studio 2010
Project("{8BC9CEB8-8B4A-11D0-8D11-00A0C91BC942}") = "ChatServer", "ChatServer\ChatServer.vcxproj", "{3C4439D6-22C4-46AD-837D-4BDDF8D5578A}"
EndProject
Global
	GlobalSection(SolutionConfigurationPlatforms) = preSolution
		Debug|Win32 = Debug|Win32
		Release|Win32 = Release|Win32
	EndGlobalSection
	GlobalSection(ProjectConfigurationPlatforms) = postSolution
		{3C4439D6-22C4-46AD-837D-4BDDF8D5578A}.Debug|Win32.ActiveCfg = Debug|Win32
		{3C4439D6-22C4-46AD-837D-4BDDF8D5578A}.Debug|Win32.Build.0 = Debug|Win32
		{3C4439D6-22C4-46AD-837D-4BDDF8D5578A}.Release|Win32.ActiveCfg = Release|Win32
		{3C4439D6-22C4-46AD-837D-4BDDF8D5578A}.Release|Win32.Build.0 = Release|Win32
	EndGlobalSection
	GlobalSection(SolutionProperties) = preSolution
		HideSolutionNode = FALSE
	EndGlobalSection
EndGlobal
